
Microsoft Visual Studio Solution File, Format Version 12.00
Project("{FAE04EC0-301F-11D3-BF4B-00C04F79EFBC}") = "A982065-linebot", "A982065-linebot\A982065-linebot.csproj", "{A6DBA10F-A7A9-4BCE-8090-3F3EF18FC2E9}"
EndProject
Global
	GlobalSection(SolutionConfigurationPlatforms) = preSolution
		Debug|Any CPU = Debug|Any CPU
		Release|Any CPU = Release|Any CPU
	EndGlobalSection
	GlobalSection(ProjectConfigurationPlatforms) = postSolution
		{A6DBA10F-A7A9-4BCE-8090-3F3EF18FC2E9}.Debug|Any CPU.ActiveCfg = Debug|Any CPU
		{A6DBA10F-A7A9-4BCE-8090-3F3EF18FC2E9}.Debug|Any CPU.Build.0 = Debug|Any CPU
		{A6DBA10F-A7A9-4BCE-8090-3F3EF18FC2E9}.Release|Any CPU.ActiveCfg = Release|Any CPU
		{A6DBA10F-A7A9-4BCE-8090-3F3EF18FC2E9}.Release|Any CPU.Build.0 = Release|Any CPU
	EndGlobalSection
EndGlobal
